
Microsoft Visual Studio Solution File, Format Version 12.00
# Visual Studio Version 16
VisualStudioVersion = 16.0.28803.352
MinimumVisualStudioVersion = 10.0.40219.1
Project("{2150E333-8FDC-42A3-9474-1A3956D46DE8}") = "CreationalPatterns", "CreationalPatterns", "{7B4AD2D4-0475-411A-8C57-DEEC28E7C9DE}"
EndProject
Project("{9A19103F-16F7-4668-BE54-9A1E7A4F7556}") = "DesignPatterns.AbstractFactory", "DesignPatterns.AbstractFactory\DesignPatterns.AbstractFactory.csproj", "{8A4A9BC2-B076-4531-B5F8-E3034324CFA5}"
EndProject
Project("{9A19103F-16F7-4668-BE54-9A1E7A4F7556}") = "DesignPatterns.Builder", "DesignPatterns.Builder\DesignPatterns.Builder.csproj", "{9E16BB08-0B7C-47FE-AD75-D382447FF66E}"
EndProject
Project("{9A19103F-16F7-4668-BE54-9A1E7A4F7556}") = "DesignPatterns.FactoryMethod", "DesignPatterns.FactoryMethod\DesignPatterns.FactoryMethod.csproj", "{15B5E0FF-6A2E-4246-8F60-3A70355C99BC}"
EndProject
Project("{9A19103F-16F7-4668-BE54-9A1E7A4F7556}") = "DesignPatterns.Prototype", "DesignPatterns.Prototype\DesignPatterns.Prototype.csproj", "{A21648AA-2CC6-437C-B28C-C9E1AEC532FE}"
EndProject
Project("{9A19103F-16F7-4668-BE54-9A1E7A4F7556}") = "DesignPatterns.Singleton", "DesignPatterns.Singleton\DesignPatterns.Singleton.csproj", "{B7912A5A-1FED-4812-8825-1CF7C4B31AC2}"
EndProject
Project("{2150E333-8FDC-42A3-9474-1A3956D46DE8}") = "StructuralPatterns", "StructuralPatterns", "{E7623507-DE8B-4821-AD8E-9C19DA857561}"
EndProject
Project("{9A19103F-16F7-4668-BE54-9A1E7A4F7556}") = "DesignPatterns.Adapter", "DesignPatterns.Adapter\DesignPatterns.Adapter.csproj", "{48BC6148-9816-40A5-879F-CF8386F86415}"
EndProject
Project("{9A19103F-16F7-4668-BE54-9A1E7A4F7556}") = "DesignPatterns.Bridge", "DesignPatterns.Bridge\DesignPatterns.Bridge.csproj", "{8BD21DB4-4EB2-413C-BF74-C038F471CBA8}"
EndProject
Project("{9A19103F-16F7-4668-BE54-9A1E7A4F7556}") = "DesignPatterns.Composite", "DesignPatterns.Composite\DesignPatterns.Composite.csproj", "{5AD2D7E8-4D30-484C-AFA4-6E1717481A1C}"
EndProject
Project("{9A19103F-16F7-4668-BE54-9A1E7A4F7556}") = "DesignPatterns.Decorator", "DesignPatterns.Decorator\DesignPatterns.Decorator.csproj", "{CA7DCDA2-0550-4D0A-921A-078F3F3CFA99}"
EndProject
Project("{9A19103F-16F7-4668-BE54-9A1E7A4F7556}") = "DesignPatterns.Facade", "DesignPatterns.Facade\DesignPatterns.Facade.csproj", "{B2597113-FE44-4399-81E8-DE8D25CA9526}"
EndProject
Project("{9A19103F-16F7-4668-BE54-9A1E7A4F7556}") = "DesignPatterns.Flyweight", "DesignPatterns.Flyweight\DesignPatterns.Flyweight.csproj", "{FE5DA6B4-2FFC-47B9-B3F2-48EA525EE488}"
EndProject
Project("{9A19103F-16F7-4668-BE54-9A1E7A4F7556}") = "DesignPatterns.Proxy", "DesignPatterns.Proxy\DesignPatterns.Proxy.csproj", "{E50EBA01-80A9-4187-801D-CE75329D30F7}"
EndProject
Project("{2150E333-8FDC-42A3-9474-1A3956D46DE8}") = "BehavioralPatterns", "BehavioralPatterns", "{66061C57-F631-4C71-B29C-C05141B449DB}"
EndProject
Project("{FAE04EC0-301F-11D3-BF4B-00C04F79EFBC}") = "DesignPatterns.ChainOfResponsibility", "DesignPatterns.ChainOfResponsibility\DesignPatterns.ChainOfResponsibility.csproj", "{8900726F-9DF7-415A-9507-536C7005E60A}"
EndProject
Project("{FAE04EC0-301F-11D3-BF4B-00C04F79EFBC}") = "DesignPatterns.Command", "DesignPatterns.Command\DesignPatterns.Command.csproj", "{C0F7A546-DC79-4E5E-848B-05BD73983281}"
EndProject
Project("{FAE04EC0-301F-11D3-BF4B-00C04F79EFBC}") = "DesignPatterns.Interpreter", "DesignPatterns.Interpreter\DesignPatterns.Interpreter.csproj", "{F33F70EE-6559-422A-944D-3C10C68C9378}"
EndProject
Project("{FAE04EC0-301F-11D3-BF4B-00C04F79EFBC}") = "DesignPatterns.Iterator", "DesignPatterns.Iterator\DesignPatterns.Iterator.csproj", "{26FD50F4-394E-4C52-81E8-70078B5E9A50}"
EndProject
Project("{FAE04EC0-301F-11D3-BF4B-00C04F79EFBC}") = "DesignPatterns.Mediator", "DesignPatterns.Mediator\DesignPatterns.Mediator.csproj", "{E5EBC4FA-3972-4705-A94A-DA7680C9DEAC}"
EndProject
Project("{FAE04EC0-301F-11D3-BF4B-00C04F79EFBC}") = "DesignPatterns.Memento", "DesignPatterns.Memento\DesignPatterns.Memento.csproj", "{F5F0DD8E-F256-498B-866B-94BE35C8E133}"
EndProject
Project("{FAE04EC0-301F-11D3-BF4B-00C04F79EFBC}") = "DesignPatterns.Observer", "DesignPatterns.Observer\DesignPatterns.Observer.csproj", "{1D91E816-6AF3-426E-8406-2427A8F1FAEA}"
EndProject
Project("{FAE04EC0-301F-11D3-BF4B-00C04F79EFBC}") = "DesignPatterns.State", "DesignPatterns.State\DesignPatterns.State.csproj", "{9126945B-C87C-48F2-932C-6E68761C577D}"
EndProject
Project("{FAE04EC0-301F-11D3-BF4B-00C04F79EFBC}") = "DesignPatterns.Strategy", "DesignPatterns.Strategy\DesignPatterns.Strategy.csproj", "{ACAD3DF5-2086-41DD-AC77-AA530750083D}"
EndProject
Project("{FAE04EC0-301F-11D3-BF4B-00C04F79EFBC}") = "DesignPatterns.TemplateMethod", "DesignPatterns.TemplateMethod\DesignPatterns.TemplateMethod.csproj", "{CF4EB813-56CE-4BBA-8DD0-C5522A57C954}"
EndProject
Project("{FAE04EC0-301F-11D3-BF4B-00C04F79EFBC}") = "DesignPatterns.Visitor", "DesignPatterns.Visitor\DesignPatterns.Visitor.csproj", "{197447C6-A6AC-46D2-93A3-1A6BDF34CE95}"
EndProject
Global
	GlobalSection(SolutionConfigurationPlatforms) = preSolution
		Debug|Any CPU = Debug|Any CPU
		Release|Any CPU = Release|Any CPU
	EndGlobalSection
	GlobalSection(ProjectConfigurationPlatforms) = postSolution
		{8A4A9BC2-B076-4531-B5F8-E3034324CFA5}.Debug|Any CPU.ActiveCfg = Debug|Any CPU
		{8A4A9BC2-B076-4531-B5F8-E3034324CFA5}.Debug|Any CPU.Build.0 = Debug|Any CPU
		{8A4A9BC2-B076-4531-B5F8-E3034324CFA5}.Release|Any CPU.ActiveCfg = Release|Any CPU
		{8A4A9BC2-B076-4531-B5F8-E3034324CFA5}.Release|Any CPU.Build.0 = Release|Any CPU
		{9E16BB08-0B7C-47FE-AD75-D382447FF66E}.Debug|Any CPU.ActiveCfg = Debug|Any CPU
		{9E16BB08-0B7C-47FE-AD75-D382447FF66E}.Debug|Any CPU.Build.0 = Debug|Any CPU
		{9E16BB08-0B7C-47FE-AD75-D382447FF66E}.Release|Any CPU.ActiveCfg = Release|Any CPU
		{9E16BB08-0B7C-47FE-AD75-D382447FF66E}.Release|Any CPU.Build.0 = Release|Any CPU
		{15B5E0FF-6A2E-4246-8F60-3A70355C99BC}.Debug|Any CPU.ActiveCfg = Debug|Any CPU
		{15B5E0FF-6A2E-4246-8F60-3A70355C99BC}.Debug|Any CPU.Build.0 = Debug|Any CPU
		{15B5E0FF-6A2E-4246-8F60-3A70355C99BC}.Release|Any CPU.ActiveCfg = Release|Any CPU
		{15B5E0FF-6A2E-4246-8F60-3A70355C99BC}.Release|Any CPU.Build.0 = Release|Any CPU
		{A21648AA-2CC6-437C-B28C-C9E1AEC532FE}.Debug|Any CPU.ActiveCfg = Debug|Any CPU
		{A21648AA-2CC6-437C-B28C-C9E1AEC532FE}.Debug|Any CPU.Build.0 = Debug|Any CPU
		{A21648AA-2CC6-437C-B28C-C9E1AEC532FE}.Release|Any CPU.ActiveCfg = Release|Any CPU
		{A21648AA-2CC6-437C-B28C-C9E1AEC532FE}.Release|Any CPU.Build.0 = Release|Any CPU
		{B7912A5A-1FED-4812-8825-1CF7C4B31AC2}.Debug|Any CPU.ActiveCfg = Debug|Any CPU
		{B7912A5A-1FED-4812-8825-1CF7C4B31AC2}.Debug|Any CPU.Build.0 = Debug|Any CPU
		{B7912A5A-1FED-4812-8825-1CF7C4B31AC2}.Release|Any CPU.ActiveCfg = Release|Any CPU
		{B7912A5A-1FED-4812-8825-1CF7C4B31AC2}.Release|Any CPU.Build.0 = Release|Any CPU
		{48BC6148-9816-40A5-879F-CF8386F86415}.Debug|Any CPU.ActiveCfg = Debug|Any CPU
		{48BC6148-9816-40A5-879F-CF8386F86415}.Debug|Any CPU.Build.0 = Debug|Any CPU
		{48BC6148-9816-40A5-879F-CF8386F86415}.Release|Any CPU.ActiveCfg = Release|Any CPU
		{48BC6148-9816-40A5-879F-CF8386F86415}.Release|Any CPU.Build.0 = Release|Any CPU
		{8BD21DB4-4EB2-413C-BF74-C038F471CBA8}.Debug|Any CPU.ActiveCfg = Debug|Any CPU
		{8BD21DB4-4EB2-413C-BF74-C038F471CBA8}.Debug|Any CPU.Build.0 = Debug|Any CPU
		{8BD21DB4-4EB2-413C-BF74-C038F471CBA8}.Release|Any CPU.ActiveCfg = Release|Any CPU
		{8BD21DB4-4EB2-413C-BF74-C038F471CBA8}.Release|Any CPU.Build.0 = Release|Any CPU
		{5AD2D7E8-4D30-484C-AFA4-6E1717481A1C}.Debug|Any CPU.ActiveCfg = Debug|Any CPU
		{5AD2D7E8-4D30-484C-AFA4-6E1717481A1C}.Debug|Any CPU.Build.0 = Debug|Any CPU
		{5AD2D7E8-4D30-484C-AFA4-6E1717481A1C}.Release|Any CPU.ActiveCfg = Release|Any CPU
		{5AD2D7E8-4D30-484C-AFA4-6E1717481A1C}.Release|Any CPU.Build.0 = Release|Any CPU
		{CA7DCDA2-0550-4D0A-921A-078F3F3CFA99}.Debug|Any CPU.ActiveCfg = Debug|Any CPU
		{CA7DCDA2-0550-4D0A-921A-078F3F3CFA99}.Debug|Any CPU.Build.0 = Debug|Any CPU
		{CA7DCDA2-0550-4D0A-921A-078F3F3CFA99}.Release|Any CPU.ActiveCfg = Release|Any CPU
		{CA7DCDA2-0550-4D0A-921A-078F3F3CFA99}.Release|Any CPU.Build.0 = Release|Any CPU
		{B2597113-FE44-4399-81E8-DE8D25CA9526}.Debug|Any CPU.ActiveCfg = Debug|Any CPU
		{B2597113-FE44-4399-81E8-DE8D25CA9526}.Debug|Any CPU.Build.0 = Debug|Any CPU
		{B2597113-FE44-4399-81E8-DE8D25CA9526}.Release|Any CPU.ActiveCfg = Release|Any CPU
		{B2597113-FE44-4399-81E8-DE8D25CA9526}.Release|Any CPU.Build.0 = Release|Any CPU
		{FE5DA6B4-2FFC-47B9-B3F2-48EA525EE488}.Debug|Any CPU.ActiveCfg = Debug|Any CPU
		{FE5DA6B4-2FFC-47B9-B3F2-48EA525EE488}.Debug|Any CPU.Build.0 = Debug|Any CPU
		{FE5DA6B4-2FFC-47B9-B3F2-48EA525EE488}.Release|Any CPU.ActiveCfg = Release|Any CPU
		{FE5DA6B4-2FFC-47B9-B3F2-48EA525EE488}.Release|Any CPU.Build.0 = Release|Any CPU
		{E50EBA01-80A9-4187-801D-CE75329D30F7}.Debug|Any CPU.ActiveCfg = Debug|Any CPU
		{E50EBA01-80A9-4187-801D-CE75329D30F7}.Debug|Any CPU.Build.0 = Debug|Any CPU
		{E50EBA01-80A9-4187-801D-CE75329D30F7}.Release|Any CPU.ActiveCfg = Release|Any CPU
		{E50EBA01-80A9-4187-801D-CE75329D30F7}.Release|Any CPU.Build.0 = Release|Any CPU
		{8900726F-9DF7-415A-9507-536C7005E60A}.Debug|Any CPU.ActiveCfg = Debug|Any CPU
		{8900726F-9DF7-415A-9507-536C7005E60A}.Debug|Any CPU.Build.0 = Debug|Any CPU
		{8900726F-9DF7-415A-9507-536C7005E60A}.Release|Any CPU.ActiveCfg = Release|Any CPU
		{8900726F-9DF7-415A-9507-536C7005E60A}.Release|Any CPU.Build.0 = Release|Any CPU
		{C0F7A546-DC79-4E5E-848B-05BD73983281}.Debug|Any CPU.ActiveCfg = Debug|Any CPU
		{C0F7A546-DC79-4E5E-848B-05BD73983281}.Debug|Any CPU.Build.0 = Debug|Any CPU
		{C0F7A546-DC79-4E5E-848B-05BD73983281}.Release|Any CPU.ActiveCfg = Release|Any CPU
		{C0F7A546-DC79-4E5E-848B-05BD73983281}.Release|Any CPU.Build.0 = Release|Any CPU
		{F33F70EE-6559-422A-944D-3C10C68C9378}.Debug|Any CPU.ActiveCfg = Debug|Any CPU
		{F33F70EE-6559-422A-944D-3C10C68C9378}.Debug|Any CPU.Build.0 = Debug|Any CPU
		{F33F70EE-6559-422A-944D-3C10C68C9378}.Release|Any CPU.ActiveCfg = Release|Any CPU
		{F33F70EE-6559-422A-944D-3C10C68C9378}.Release|Any CPU.Build.0 = Release|Any CPU
		{26FD50F4-394E-4C52-81E8-70078B5E9A50}.Debug|Any CPU.ActiveCfg = Debug|Any CPU
		{26FD50F4-394E-4C52-81E8-70078B5E9A50}.Debug|Any CPU.Build.0 = Debug|Any CPU
		{26FD50F4-394E-4C52-81E8-70078B5E9A50}.Release|Any CPU.ActiveCfg = Release|Any CPU
		{26FD50F4-394E-4C52-81E8-70078B5E9A50}.Release|Any CPU.Build.0 = Release|Any CPU
		{E5EBC4FA-3972-4705-A94A-DA7680C9DEAC}.Debug|Any CPU.ActiveCfg = Debug|Any CPU
		{E5EBC4FA-3972-4705-A94A-DA7680C9DEAC}.Debug|Any CPU.Build.0 = Debug|Any CPU
		{E5EBC4FA-3972-4705-A94A-DA7680C9DEAC}.Release|Any CPU.ActiveCfg = Release|Any CPU
		{E5EBC4FA-3972-4705-A94A-DA7680C9DEAC}.Release|Any CPU.Build.0 = Release|Any CPU
		{F5F0DD8E-F256-498B-866B-94BE35C8E133}.Debug|Any CPU.ActiveCfg = Debug|Any CPU
		{F5F0DD8E-F256-498B-866B-94BE35C8E133}.Debug|Any CPU.Build.0 = Debug|Any CPU
		{F5F0DD8E-F256-498B-866B-94BE35C8E133}.Release|Any CPU.ActiveCfg = Release|Any CPU
		{F5F0DD8E-F256-498B-866B-94BE35C8E133}.Release|Any CPU.Build.0 = Release|Any CPU
		{1D91E816-6AF3-426E-8406-2427A8F1FAEA}.Debug|Any CPU.ActiveCfg = Debug|Any CPU
		{1D91E816-6AF3-426E-8406-2427A8F1FAEA}.Debug|Any CPU.Build.0 = Debug|Any CPU
		{1D91E816-6AF3-426E-8406-2427A8F1FAEA}.Release|Any CPU.ActiveCfg = Release|Any CPU
		{1D91E816-6AF3-426E-8406-2427A8F1FAEA}.Release|Any CPU.Build.0 = Release|Any CPU
		{9126945B-C87C-48F2-932C-6E68761C577D}.Debug|Any CPU.ActiveCfg = Debug|Any CPU
		{9126945B-C87C-48F2-932C-6E68761C577D}.Debug|Any CPU.Build.0 = Debug|Any CPU
		{9126945B-C87C-48F2-932C-6E68761C577D}.Release|Any CPU.ActiveCfg = Release|Any CPU
		{9126945B-C87C-48F2-932C-6E68761C577D}.Release|Any CPU.Build.0 = Release|Any CPU
		{ACAD3DF5-2086-41DD-AC77-AA530750083D}.Debug|Any CPU.ActiveCfg = Debug|Any CPU
		{ACAD3DF5-2086-41DD-AC77-AA530750083D}.Debug|Any CPU.Build.0 = Debug|Any CPU
		{ACAD3DF5-2086-41DD-AC77-AA530750083D}.Release|Any CPU.ActiveCfg = Release|Any CPU
		{ACAD3DF5-2086-41DD-AC77-AA530750083D}.Release|Any CPU.Build.0 = Release|Any CPU
		{CF4EB813-56CE-4BBA-8DD0-C5522A57C954}.Debug|Any CPU.ActiveCfg = Debug|Any CPU
		{CF4EB813-56CE-4BBA-8DD0-C5522A57C954}.Debug|Any CPU.Build.0 = Debug|Any CPU
		{CF4EB813-56CE-4BBA-8DD0-C5522A57C954}.Release|Any CPU.ActiveCfg = Release|Any CPU
		{CF4EB813-56CE-4BBA-8DD0-C5522A57C954}.Release|Any CPU.Build.0 = Release|Any CPU
		{197447C6-A6AC-46D2-93A3-1A6BDF34CE95}.Debug|Any CPU.ActiveCfg = Debug|Any CPU
		{197447C6-A6AC-46D2-93A3-1A6BDF34CE95}.Debug|Any CPU.Build.0 = Debug|Any CPU
		{197447C6-A6AC-46D2-93A3-1A6BDF34CE95}.Release|Any CPU.ActiveCfg = Release|Any CPU
		{197447C6-A6AC-46D2-93A3-1A6BDF34CE95}.Release|Any CPU.Build.0 = Release|Any CPU
	EndGlobalSection
	GlobalSection(SolutionProperties) = preSolution
		HideSolutionNode = FALSE
	EndGlobalSection
	GlobalSection(NestedProjects) = preSolution
		{8A4A9BC2-B076-4531-B5F8-E3034324CFA5} = {7B4AD2D4-0475-411A-8C57-DEEC28E7C9DE}
		{9E16BB08-0B7C-47FE-AD75-D382447FF66E} = {7B4AD2D4-0475-411A-8C57-DEEC28E7C9DE}
		{15B5E0FF-6A2E-4246-8F60-3A70355C99BC} = {7B4AD2D4-0475-411A-8C57-DEEC28E7C9DE}
		{A21648AA-2CC6-437C-B28C-C9E1AEC532FE} = {7B4AD2D4-0475-411A-8C57-DEEC28E7C9DE}
		{B7912A5A-1FED-4812-8825-1CF7C4B31AC2} = {7B4AD2D4-0475-411A-8C57-DEEC28E7C9DE}
		{48BC6148-9816-40A5-879F-CF8386F86415} = {E7623507-DE8B-4821-AD8E-9C19DA857561}
		{8BD21DB4-4EB2-413C-BF74-C038F471CBA8} = {E7623507-DE8B-4821-AD8E-9C19DA857561}
		{5AD2D7E8-4D30-484C-AFA4-6E1717481A1C} = {E7623507-DE8B-4821-AD8E-9C19DA857561}
		{CA7DCDA2-0550-4D0A-921A-078F3F3CFA99} = {E7623507-DE8B-4821-AD8E-9C19DA857561}
		{B2597113-FE44-4399-81E8-DE8D25CA9526} = {E7623507-DE8B-4821-AD8E-9C19DA857561}
		{FE5DA6B4-2FFC-47B9-B3F2-48EA525EE488} = {E7623507-DE8B-4821-AD8E-9C19DA857561}
		{E50EBA01-80A9-4187-801D-CE75329D30F7} = {E7623507-DE8B-4821-AD8E-9C19DA857561}
		{8900726F-9DF7-415A-9507-536C7005E60A} = {66061C57-F631-4C71-B29C-C05141B449DB}
		{C0F7A546-DC79-4E5E-848B-05BD73983281} = {66061C57-F631-4C71-B29C-C05141B449DB}
		{F33F70EE-6559-422A-944D-3C10C68C9378} = {66061C57-F631-4C71-B29C-C05141B449DB}
		{26FD50F4-394E-4C52-81E8-70078B5E9A50} = {66061C57-F631-4C71-B29C-C05141B449DB}
		{E5EBC4FA-3972-4705-A94A-DA7680C9DEAC} = {66061C57-F631-4C71-B29C-C05141B449DB}
		{F5F0DD8E-F256-498B-866B-94BE35C8E133} = {66061C57-F631-4C71-B29C-C05141B449DB}
		{1D91E816-6AF3-426E-8406-2427A8F1FAEA} = {66061C57-F631-4C71-B29C-C05141B449DB}
		{9126945B-C87C-48F2-932C-6E68761C577D} = {66061C57-F631-4C71-B29C-C05141B449DB}
		{ACAD3DF5-2086-41DD-AC77-AA530750083D} = {66061C57-F631-4C71-B29C-C05141B449DB}
		{CF4EB813-56CE-4BBA-8DD0-C5522A57C954} = {66061C57-F631-4C71-B29C-C05141B449DB}
		{197447C6-A6AC-46D2-93A3-1A6BDF34CE95} = {66061C57-F631-4C71-B29C-C05141B449DB}
	EndGlobalSection
	GlobalSection(ExtensibilityGlobals) = postSolution
		SolutionGuid = {5151917E-2781-49B7-BDC3-F37D762E3D40}
	EndGlobalSection
EndGlobal
